
Microsoft Visual Studio Solution File, Format Version 12.00
# Visual Studio Version 17
VisualStudioVersion = 17.0.32014.148
MinimumVisualStudioVersion = 10.0.40219.1
Project("{FAE04EC0-301F-11D3-BF4B-00C04F79EFBC}") = "AluraTunes", "AluraTunes\AluraTunes.csproj", "{6F0461C2-0548-4B88-AEBC-850C119E7274}"
EndProject
Global
	GlobalSection(SolutionConfigurationPlatforms) = preSolution
		Debug|Any CPU = Debug|Any CPU
		Release|Any CPU = Release|Any CPU
	EndGlobalSection
	GlobalSection(ProjectConfigurationPlatforms) = postSolution
		{6F0461C2-0548-4B88-AEBC-850C119E7274}.Debug|Any CPU.ActiveCfg = Debug|Any CPU
		{6F0461C2-0548-4B88-AEBC-850C119E7274}.Debug|Any CPU.Build.0 = Debug|Any CPU
		{6F0461C2-0548-4B88-AEBC-850C119E7274}.Release|Any CPU.ActiveCfg = Release|Any CPU
		{6F0461C2-0548-4B88-AEBC-850C119E7274}.Release|Any CPU.Build.0 = Release|Any CPU
	EndGlobalSection
	GlobalSection(SolutionProperties) = preSolution
		HideSolutionNode = FALSE
	EndGlobalSection
	GlobalSection(ExtensibilityGlobals) = postSolution
		SolutionGuid = {975EDFA9-10D3-4E6E-9B61-9B23FDDF2121}
	EndGlobalSection
EndGlobal
